{
  "version": 4,
  "terraform_version": "1.10.5",
  "serial": 89,
  "lineage": "68e0f2bb-ef82-ad5f-6294-11227d589e60",
  "outputs": {},
  "resources": [
    {
      "mode": "managed",
      "type": "aws_autoscaling_group",
      "name": "frontend_asg",
      "provider": "provider[\"registry.terraform.io/hashicorp/aws\"]",
      "instances": [
        {
          "schema_version": 1,
          "attributes": {
            "arn": "arn:aws:autoscaling:us-east-2:430118813684:autoScalingGroup:1d72db89-63df-4fbf-a21a-7e6c359caa9f:autoScalingGroupName/terraform-20250204152115825600000002",
            "availability_zone_distribution": [
              {
                "capacity_distribution_strategy": "balanced-best-effort"
              }
            ],
            "availability_zones": [
              "us-east-2a",
              "us-east-2b"
            ],
            "capacity_rebalance": false,
            "context": "",
            "default_cooldown": 300,
            "default_instance_warmup": 0,
            "desired_capacity": 3,
            "desired_capacity_type": "",
            "enabled_metrics": [],
            "force_delete": false,
            "force_delete_warm_pool": false,
            "health_check_grace_period": 300,
            "health_check_type": "EC2",
            "id": "terraform-20250204152115825600000002",
            "ignore_failed_scaling_activities": false,
            "initial_lifecycle_hook": [],
            "instance_maintenance_policy": [],
            "instance_refresh": [],
            "launch_configuration": "",
            "launch_template": [
              {
                "id": "lt-0145ee3e702812130",
                "name": "frontend-launch-template",
                "version": "$Latest"
              }
            ],
            "load_balancers": [],
            "max_instance_lifetime": 0,
            "max_size": 5,
            "metrics_granularity": "1Minute",
            "min_elb_capacity": null,
            "min_size": 1,
            "mixed_instances_policy": [],
            "name": "terraform-20250204152115825600000002",
            "name_prefix": "terraform-",
            "placement_group": "",
            "predicted_capacity": 0,
            "protect_from_scale_in": false,
            "service_linked_role_arn": "arn:aws:iam::430118813684:role/aws-service-role/autoscaling.amazonaws.com/AWSServiceRoleForAutoScaling",
            "suspended_processes": [],
            "tag": [
              {
                "key": "Name",
                "propagate_at_launch": true,
                "value": "frontend-chatapp"
              }
            ],
            "target_group_arns": [
              "arn:aws:elasticloadbalancing:us-east-2:430118813684:targetgroup/frontend-tg/9de83531af2142fd"
            ],
            "termination_policies": [],
            "timeouts": null,
            "traffic_source": [
              {
                "identifier": "arn:aws:elasticloadbalancing:us-east-2:430118813684:targetgroup/frontend-tg/9de83531af2142fd",
                "type": "elbv2"
              }
            ],
            "vpc_zone_identifier": [
              "subnet-0022418f581cf13fc",
              "subnet-00f47469807552f28"
            ],
            "wait_for_capacity_timeout": "10m",
            "wait_for_elb_capacity": null,
            "warm_pool": [],
            "warm_pool_size": 0
          },
          "sensitive_attributes": [],
          "private": "eyJlMmJmYjczMC1lY2FhLTExZTYtOGY4OC0zNDM2M2JjN2M0YzAiOnsiZGVsZXRlIjo2MDAwMDAwMDAwMDAsInVwZGF0ZSI6NjAwMDAwMDAwMDAwfSwic2NoZW1hX3ZlcnNpb24iOiIxIn0=",
          "dependencies": [
            "aws_launch_template.frontend_launch_template",
            "aws_lb.frontend_lb",
            "aws_lb_listener.frontend_lb_listener",
            "aws_lb_target_group.frontend_tg",
            "aws_security_group.frontend_sg",
            "aws_security_group.lb_sg",
            "aws_subnet.public_subnet_1",
            "aws_subnet.public_subnet_2",
            "aws_vpc.ChatApp-VPC"
          ]
        }
      ]
    },
    {
      "mode": "managed",
      "type": "aws_eip",
      "name": "nat_eip",
      "provider": "provider[\"registry.terraform.io/hashicorp/aws\"]",
      "instances": [
        {
          "schema_version": 0,
          "attributes": {
            "address": null,
            "allocation_id": "eipalloc-082cd44318e0028af",
            "arn": "arn:aws:ec2:us-east-2:430118813684:elastic-ip/eipalloc-082cd44318e0028af",
            "associate_with_private_ip": null,
            "association_id": "eipassoc-035f28823e9378984",
            "carrier_ip": "",
            "customer_owned_ip": "",
            "customer_owned_ipv4_pool": "",
            "domain": "vpc",
            "id": "eipalloc-082cd44318e0028af",
            "instance": "",
            "ipam_pool_id": null,
            "network_border_group": "us-east-2",
            "network_interface": "eni-00a61976498c41d9b",
            "private_dns": "ip-10-0-1-141.us-east-2.compute.internal",
            "private_ip": "10.0.1.141",
            "ptr_record": "",
            "public_dns": "ec2-18-188-105-150.us-east-2.compute.amazonaws.com",
            "public_ip": "18.188.105.150",
            "public_ipv4_pool": "amazon",
            "tags": {},
            "tags_all": {},
            "timeouts": null,
            "vpc": true
          },
          "sensitive_attributes": [],
          "private": "eyJlMmJmYjczMC1lY2FhLTExZTYtOGY4OC0zNDM2M2JjN2M0YzAiOnsiZGVsZXRlIjoxODAwMDAwMDAwMDAsInJlYWQiOjkwMDAwMDAwMDAwMCwidXBkYXRlIjozMDAwMDAwMDAwMDB9fQ=="
        }
      ]
    },
    {
      "mode": "managed",
      "type": "aws_instance",
      "name": "backend_instance",
      "provider": "provider[\"registry.terraform.io/hashicorp/aws\"]",
      "instances": [
        {
          "schema_version": 1,
          "attributes": {
            "ami": "ami-0a4b1f1d5886dcdcb",
            "arn": "arn:aws:ec2:us-east-2:430118813684:instance/i-04981ee61afbaa266",
            "associate_public_ip_address": false,
            "availability_zone": "us-east-2a",
            "capacity_reservation_specification": [
              {
                "capacity_reservation_preference": "open",
                "capacity_reservation_target": []
              }
            ],
            "cpu_core_count": 1,
            "cpu_options": [
              {
                "amd_sev_snp": "",
                "core_count": 1,
                "threads_per_core": 1
              }
            ],
            "cpu_threads_per_core": 1,
            "credit_specification": [
              {
                "cpu_credits": "standard"
              }
            ],
            "disable_api_stop": false,
            "disable_api_termination": false,
            "ebs_block_device": [],
            "ebs_optimized": false,
            "enable_primary_ipv6": null,
            "enclave_options": [
              {
                "enabled": false
              }
            ],
            "ephemeral_block_device": [],
            "get_password_data": false,
            "hibernation": false,
            "host_id": "",
            "host_resource_group_arn": null,
            "iam_instance_profile": "",
            "id": "i-04981ee61afbaa266",
            "instance_initiated_shutdown_behavior": "stop",
            "instance_lifecycle": "",
            "instance_market_options": [],
            "instance_state": "running",
            "instance_type": "t2.micro",
            "ipv6_address_count": 0,
            "ipv6_addresses": [],
            "key_name": "chatapp-keypair-01",
            "launch_template": [],
            "maintenance_options": [
              {
                "auto_recovery": "default"
              }
            ],
            "metadata_options": [
              {
                "http_endpoint": "enabled",
                "http_protocol_ipv6": "disabled",
                "http_put_response_hop_limit": 1,
                "http_tokens": "optional",
                "instance_metadata_tags": "disabled"
              }
            ],
            "monitoring": false,
            "network_interface": [],
            "outpost_arn": "",
            "password_data": "",
            "placement_group": "",
            "placement_partition_number": 0,
            "primary_network_interface_id": "eni-0e8c1074d15a78ba8",
            "private_dns": "ip-10-0-3-123.us-east-2.compute.internal",
            "private_dns_name_options": [
              {
                "enable_resource_name_dns_a_record": false,
                "enable_resource_name_dns_aaaa_record": false,
                "hostname_type": "ip-name"
              }
            ],
            "private_ip": "10.0.3.123",
            "public_dns": "",
            "public_ip": "",
            "root_block_device": [
              {
                "delete_on_termination": true,
                "device_name": "/dev/sda1",
                "encrypted": false,
                "iops": 100,
                "kms_key_id": "",
                "tags": {},
                "tags_all": {},
                "throughput": 0,
                "volume_id": "vol-080e9fadcc3e66712",
                "volume_size": 8,
                "volume_type": "gp2"
              }
            ],
            "secondary_private_ips": [],
            "security_groups": [],
            "source_dest_check": true,
            "spot_instance_request_id": "",
            "subnet_id": "subnet-07f1ed92b6974a6ed",
            "tags": {
              "Name": "Backend-ChatApp"
            },
            "tags_all": {
              "Name": "Backend-ChatApp"
            },
            "tenancy": "default",
            "timeouts": null,
            "user_data": null,
            "user_data_base64": null,
            "user_data_replace_on_change": false,
            "volume_tags": null,
            "vpc_security_group_ids": [
              "sg-06d9fb1acfe8fadf9"
            ]
          },
          "sensitive_attributes": [],
          "private": "eyJlMmJmYjczMC1lY2FhLTExZTYtOGY4OC0zNDM2M2JjN2M0YzAiOnsiY3JlYXRlIjo2MDAwMDAwMDAwMDAsImRlbGV0ZSI6MTIwMDAwMDAwMDAwMCwicmVhZCI6OTAwMDAwMDAwMDAwLCJ1cGRhdGUiOjYwMDAwMDAwMDAwMH0sInNjaGVtYV92ZXJzaW9uIjoiMSJ9",
          "dependencies": [
            "aws_security_group.backend_sg",
            "aws_security_group.frontend_sg",
            "aws_subnet.private_subnet_1",
            "aws_vpc.ChatApp-VPC"
          ]
        }
      ]
    },
    {
      "mode": "managed",
      "type": "aws_instance",
      "name": "db_instance",
      "provider": "provider[\"registry.terraform.io/hashicorp/aws\"]",
      "instances": [
        {
          "schema_version": 1,
          "attributes": {
            "ami": "ami-0ae065ac8a41f1a4c",
            "arn": "arn:aws:ec2:us-east-2:430118813684:instance/i-0ff588796297bfcba",
            "associate_public_ip_address": false,
            "availability_zone": "us-east-2b",
            "capacity_reservation_specification": [
              {
                "capacity_reservation_preference": "open",
                "capacity_reservation_target": []
              }
            ],
            "cpu_core_count": 1,
            "cpu_options": [
              {
                "amd_sev_snp": "",
                "core_count": 1,
                "threads_per_core": 1
              }
            ],
            "cpu_threads_per_core": 1,
            "credit_specification": [
              {
                "cpu_credits": "standard"
              }
            ],
            "disable_api_stop": false,
            "disable_api_termination": false,
            "ebs_block_device": [
              {
                "delete_on_termination": false,
                "device_name": "/dev/sdf",
                "encrypted": false,
                "iops": 0,
                "kms_key_id": "",
                "snapshot_id": "snap-051cbdb59d3550335",
                "tags": {},
                "tags_all": {},
                "throughput": 0,
                "volume_id": "vol-0653a390ff6884a19",
                "volume_size": 5,
                "volume_type": "standard"
              }
            ],
            "ebs_optimized": false,
            "enable_primary_ipv6": null,
            "enclave_options": [
              {
                "enabled": false
              }
            ],
            "ephemeral_block_device": [],
            "get_password_data": false,
            "hibernation": false,
            "host_id": "",
            "host_resource_group_arn": null,
            "iam_instance_profile": "",
            "id": "i-0ff588796297bfcba",
            "instance_initiated_shutdown_behavior": "stop",
            "instance_lifecycle": "",
            "instance_market_options": [],
            "instance_state": "running",
            "instance_type": "t2.micro",
            "ipv6_address_count": 0,
            "ipv6_addresses": [],
            "key_name": "chatapp-keypair-01",
            "launch_template": [],
            "maintenance_options": [
              {
                "auto_recovery": "default"
              }
            ],
            "metadata_options": [
              {
                "http_endpoint": "enabled",
                "http_protocol_ipv6": "disabled",
                "http_put_response_hop_limit": 2,
                "http_tokens": "required",
                "instance_metadata_tags": "disabled"
              }
            ],
            "monitoring": false,
            "network_interface": [],
            "outpost_arn": "",
            "password_data": "",
            "placement_group": "",
            "placement_partition_number": 0,
            "primary_network_interface_id": "eni-06d3c8943cf86ffe9",
            "private_dns": "ip-10-0-4-102.us-east-2.compute.internal",
            "private_dns_name_options": [
              {
                "enable_resource_name_dns_a_record": false,
                "enable_resource_name_dns_aaaa_record": false,
                "hostname_type": "ip-name"
              }
            ],
            "private_ip": "10.0.4.102",
            "public_dns": "",
            "public_ip": "",
            "root_block_device": [
              {
                "delete_on_termination": true,
                "device_name": "/dev/sda1",
                "encrypted": false,
                "iops": 3000,
                "kms_key_id": "",
                "tags": {},
                "tags_all": {},
                "throughput": 125,
                "volume_id": "vol-065cc1d8e33ef967b",
                "volume_size": 8,
                "volume_type": "gp3"
              }
            ],
            "secondary_private_ips": [],
            "security_groups": [],
            "source_dest_check": true,
            "spot_instance_request_id": "",
            "subnet_id": "subnet-06d9a511bcb42c591",
            "tags": {
              "Name": "DB-ChatApp"
            },
            "tags_all": {
              "Name": "DB-ChatApp"
            },
            "tenancy": "default",
            "timeouts": null,
            "user_data": null,
            "user_data_base64": null,
            "user_data_replace_on_change": false,
            "volume_tags": null,
            "vpc_security_group_ids": [
              "sg-0beae9add7de30f87"
            ]
          },
          "sensitive_attributes": [],
          "private": "eyJlMmJmYjczMC1lY2FhLTExZTYtOGY4OC0zNDM2M2JjN2M0YzAiOnsiY3JlYXRlIjo2MDAwMDAwMDAwMDAsImRlbGV0ZSI6MTIwMDAwMDAwMDAwMCwicmVhZCI6OTAwMDAwMDAwMDAwLCJ1cGRhdGUiOjYwMDAwMDAwMDAwMH0sInNjaGVtYV92ZXJzaW9uIjoiMSJ9",
          "dependencies": [
            "aws_security_group.db_sg",
            "aws_subnet.private_subnet_2",
            "aws_vpc.ChatApp-VPC"
          ]
        }
      ]
    },
    {
      "mode": "managed",
      "type": "aws_instance",
      "name": "frontend_instance_1",
      "provider": "provider[\"registry.terraform.io/hashicorp/aws\"]",
      "instances": [
        {
          "schema_version": 1,
          "attributes": {
            "ami": "ami-020d4488bb739b210",
            "arn": "arn:aws:ec2:us-east-2:430118813684:instance/i-0c95b6a09018842c3",
            "associate_public_ip_address": true,
            "availability_zone": "us-east-2a",
            "capacity_reservation_specification": [
              {
                "capacity_reservation_preference": "open",
                "capacity_reservation_target": []
              }
            ],
            "cpu_core_count": 1,
            "cpu_options": [
              {
                "amd_sev_snp": "",
                "core_count": 1,
                "threads_per_core": 1
              }
            ],
            "cpu_threads_per_core": 1,
            "credit_specification": [
              {
                "cpu_credits": "standard"
              }
            ],
            "disable_api_stop": false,
            "disable_api_termination": false,
            "ebs_block_device": [],
            "ebs_optimized": false,
            "enable_primary_ipv6": null,
            "enclave_options": [
              {
                "enabled": false
              }
            ],
            "ephemeral_block_device": [],
            "get_password_data": false,
            "hibernation": false,
            "host_id": "",
            "host_resource_group_arn": null,
            "iam_instance_profile": "",
            "id": "i-0c95b6a09018842c3",
            "instance_initiated_shutdown_behavior": "stop",
            "instance_lifecycle": "",
            "instance_market_options": [],
            "instance_state": "running",
            "instance_type": "t2.micro",
            "ipv6_address_count": 0,
            "ipv6_addresses": [],
            "key_name": "chatapp-keypair-01",
            "launch_template": [],
            "maintenance_options": [
              {
                "auto_recovery": "default"
              }
            ],
            "metadata_options": [
              {
                "http_endpoint": "enabled",
                "http_protocol_ipv6": "disabled",
                "http_put_response_hop_limit": 1,
                "http_tokens": "optional",
                "instance_metadata_tags": "disabled"
              }
            ],
            "monitoring": false,
            "network_interface": [],
            "outpost_arn": "",
            "password_data": "",
            "placement_group": "",
            "placement_partition_number": 0,
            "primary_network_interface_id": "eni-0ec606e4b0b267067",
            "private_dns": "ip-10-0-1-226.us-east-2.compute.internal",
            "private_dns_name_options": [
              {
                "enable_resource_name_dns_a_record": false,
                "enable_resource_name_dns_aaaa_record": false,
                "hostname_type": "ip-name"
              }
            ],
            "private_ip": "10.0.1.226",
            "public_dns": "",
            "public_ip": "3.135.207.149",
            "root_block_device": [
              {
                "delete_on_termination": true,
                "device_name": "/dev/sda1",
                "encrypted": false,
                "iops": 100,
                "kms_key_id": "",
                "tags": {},
                "tags_all": {},
                "throughput": 0,
                "volume_id": "vol-06d6c54447be1500b",
                "volume_size": 8,
                "volume_type": "gp2"
              }
            ],
            "secondary_private_ips": [],
            "security_groups": [],
            "source_dest_check": true,
            "spot_instance_request_id": "",
            "subnet_id": "subnet-0022418f581cf13fc",
            "tags": {
              "Name": "Frontend-ChatApp"
            },
            "tags_all": {
              "Name": "Frontend-ChatApp"
            },
            "tenancy": "default",
            "timeouts": null,
            "user_data": null,
            "user_data_base64": null,
            "user_data_replace_on_change": false,
            "volume_tags": null,
            "vpc_security_group_ids": [
              "sg-0a8e3846944588fce"
            ]
          },
          "sensitive_attributes": [],
          "private": "eyJlMmJmYjczMC1lY2FhLTExZTYtOGY4OC0zNDM2M2JjN2M0YzAiOnsiY3JlYXRlIjo2MDAwMDAwMDAwMDAsImRlbGV0ZSI6MTIwMDAwMDAwMDAwMCwicmVhZCI6OTAwMDAwMDAwMDAwLCJ1cGRhdGUiOjYwMDAwMDAwMDAwMH0sInNjaGVtYV92ZXJzaW9uIjoiMSJ9",
          "dependencies": [
            "aws_security_group.frontend_sg",
            "aws_subnet.public_subnet_1",
            "aws_vpc.ChatApp-VPC"
          ]
        }
      ]
    },
    {
      "mode": "managed",
      "type": "aws_internet_gateway",
      "name": "ChatApp-Igw",
      "provider": "provider[\"registry.terraform.io/hashicorp/aws\"]",
      "instances": [
        {
          "schema_version": 0,
          "attributes": {
            "arn": "arn:aws:ec2:us-east-2:430118813684:internet-gateway/igw-0530bfbb932029e3c",
            "id": "igw-0530bfbb932029e3c",
            "owner_id": "430118813684",
            "tags": {
              "Name": "ChatApp-IGW"
            },
            "tags_all": {
              "Name": "ChatApp-IGW"
            },
            "timeouts": null,
            "vpc_id": "vpc-0d389a12e83981868"
          },
          "sensitive_attributes": [],
          "private": "eyJlMmJmYjczMC1lY2FhLTExZTYtOGY4OC0zNDM2M2JjN2M0YzAiOnsiY3JlYXRlIjoxMjAwMDAwMDAwMDAwLCJkZWxldGUiOjEyMDAwMDAwMDAwMDAsInVwZGF0ZSI6MTIwMDAwMDAwMDAwMH19",
          "dependencies": [
            "aws_vpc.ChatApp-VPC"
          ]
        }
      ]
    },
    {
      "mode": "managed",
      "type": "aws_key_pair",
      "name": "chatapp_key",
      "provider": "provider[\"registry.terraform.io/hashicorp/aws\"]",
      "instances": [
        {
          "schema_version": 1,
          "attributes": {
            "arn": "arn:aws:ec2:us-east-2:430118813684:key-pair/chatapp-keypair-001",
            "fingerprint": "13:5c:39:96:44:b9:19:6d:4c:d7:91:b2:93:fd:ab:b3",
            "id": "chatapp-keypair-001",
            "key_name": "chatapp-keypair-001",
            "key_name_prefix": "",
            "key_pair_id": "key-018c39c8d900ce40c",
            "key_type": "rsa",
            "public_key": "ssh-rsa AAAAB3NzaC1yc2EAAAADAQABAAACAQCfIkrWJMjPhDpRr+f8OnrKjtrkFSYXgZhPTUHC2Yh0crFG5Vw1f9m+Z+4WEQy3x9WO4JisRWzySY8ZWEUF8Gn7AYlYySvvtq9hXHc/7C7JQiURva388d55K6bcYqVgvriYYFVbb34Cqm/+b0zMCuX6Ka0kV1neQHM7CJRkumO8H4wjaeZ8ALpWKWWK9TslQqasgJqwJoBVlJ+dUDgTgChXBPy61GFUSCCtdDL2Gvi5cIYqf85TeqQAbYaoTVe4sBCMVckhXztFykOrsKQczgRDk7UiTkna9mQ0P4W5RaF6YUi7/I/MKwlh7CMpNMb1Bkdnoq2thP6jZAh5WIlkdOfagqrHxoKRpUgTxTxxTPGY+nTKeHBmiL0aVltzuw+hwFrO3e5jL6AKqRNUnDeFfRD7xdhxBwxQM7XxtcbXtj2cezIxWAWtDFCVwF7y9zdVQGWUjz6s+FRTxASwokz8cHpDlARP9f+eRwfGBCwT67j8dvLeVrspLmY9MhXRkARG/9ZrIIneSmM94Aolg7ulz/S5vTzxRoC3hRVZl9L87S+AtHpljcljmp3Rh7tLPbsh2bjYCr+2N5h+zAj7f9crDhETe+D2B9bDJOt6+25hLO5DS52R5f6T8rySm6+GFPYMJZZYHNiqJTmOVuek+/2tfIbs9EBlybjDYJ9SCBgnmrmhYw==",
            "tags": null,
            "tags_all": {}
          },
          "sensitive_attributes": [],
          "private": "eyJzY2hlbWFfdmVyc2lvbiI6IjEifQ==",
          "dependencies": [
            "tls_private_key.rsa"
          ]
        }
      ]
    },
    {
      "mode": "managed",
      "type": "aws_launch_template",
      "name": "frontend_launch_template",
      "provider": "provider[\"registry.terraform.io/hashicorp/aws\"]",
      "instances": [
        {
          "schema_version": 0,
          "attributes": {
            "arn": "arn:aws:ec2:us-east-2:430118813684:launch-template/lt-0145ee3e702812130",
            "block_device_mappings": [],
            "capacity_reservation_specification": [],
            "cpu_options": [],
            "credit_specification": [],
            "default_version": 1,
            "description": "",
            "disable_api_stop": false,
            "disable_api_termination": false,
            "ebs_optimized": "",
            "elastic_gpu_specifications": [],
            "elastic_inference_accelerator": [],
            "enclave_options": [],
            "hibernation_options": [],
            "iam_instance_profile": [],
            "id": "lt-0145ee3e702812130",
            "image_id": "ami-020d4488bb739b210",
            "instance_initiated_shutdown_behavior": "",
            "instance_market_options": [],
            "instance_requirements": [],
            "instance_type": "t2.micro",
            "kernel_id": "",
            "key_name": "chatapp-keypair-01",
            "latest_version": 1,
            "license_specification": [],
            "maintenance_options": [],
            "metadata_options": [],
            "monitoring": [],
            "name": "frontend-launch-template",
            "name_prefix": "",
            "network_interfaces": [],
            "placement": [],
            "private_dns_name_options": [],
            "ram_disk_id": "",
            "security_group_names": [],
            "tag_specifications": [],
            "tags": {},
            "tags_all": {},
            "update_default_version": null,
            "user_data": "",
            "vpc_security_group_ids": [
              "sg-0a8e3846944588fce"
            ]
          },
          "sensitive_attributes": [],
          "private": "bnVsbA==",
          "dependencies": [
            "aws_security_group.frontend_sg",
            "aws_vpc.ChatApp-VPC"
          ],
          "create_before_destroy": true
        }
      ]
    },
    {
      "mode": "managed",
      "type": "aws_lb",
      "name": "frontend_lb",
      "provider": "provider[\"registry.terraform.io/hashicorp/aws\"]",
      "instances": [
        {
          "schema_version": 0,
          "attributes": {
            "access_logs": [
              {
                "bucket": "",
                "enabled": false,
                "prefix": ""
              }
            ],
            "arn": "arn:aws:elasticloadbalancing:us-east-2:430118813684:loadbalancer/app/frontend-alb/8ae838a5bef863dc",
            "arn_suffix": "app/frontend-alb/8ae838a5bef863dc",
            "client_keep_alive": 3600,
            "connection_logs": [
              {
                "bucket": "",
                "enabled": false,
                "prefix": ""
              }
            ],
            "customer_owned_ipv4_pool": "",
            "desync_mitigation_mode": "defensive",
            "dns_name": "frontend-alb-1796250926.us-east-2.elb.amazonaws.com",
            "dns_record_client_routing_policy": null,
            "drop_invalid_header_fields": false,
            "enable_cross_zone_load_balancing": true,
            "enable_deletion_protection": false,
            "enable_http2": true,
            "enable_tls_version_and_cipher_suite_headers": false,
            "enable_waf_fail_open": false,
            "enable_xff_client_port": false,
            "enable_zonal_shift": false,
            "enforce_security_group_inbound_rules_on_private_link_traffic": "",
            "id": "arn:aws:elasticloadbalancing:us-east-2:430118813684:loadbalancer/app/frontend-alb/8ae838a5bef863dc",
            "idle_timeout": 60,
            "internal": false,
            "ip_address_type": "ipv4",
            "load_balancer_type": "application",
            "name": "frontend-alb",
            "name_prefix": "",
            "preserve_host_header": false,
            "security_groups": [
              "sg-0a4c1545fab6c6401"
            ],
            "subnet_mapping": [
              {
                "allocation_id": "",
                "ipv6_address": "",
                "outpost_id": "",
                "private_ipv4_address": "",
                "subnet_id": "subnet-0022418f581cf13fc"
              },
              {
                "allocation_id": "",
                "ipv6_address": "",
                "outpost_id": "",
                "private_ipv4_address": "",
                "subnet_id": "subnet-00f47469807552f28"
              }
            ],
            "subnets": [
              "subnet-0022418f581cf13fc",
              "subnet-00f47469807552f28"
            ],
            "tags": {
              "Name": "frontend-alb"
            },
            "tags_all": {
              "Name": "frontend-alb"
            },
            "timeouts": null,
            "vpc_id": "vpc-0d389a12e83981868",
            "xff_header_processing_mode": "append",
            "zone_id": "Z3AADJGX6KTTL2"
          },
          "sensitive_attributes": [],
          "private": "eyJlMmJmYjczMC1lY2FhLTExZTYtOGY4OC0zNDM2M2JjN2M0YzAiOnsiY3JlYXRlIjo2MDAwMDAwMDAwMDAsImRlbGV0ZSI6NjAwMDAwMDAwMDAwLCJ1cGRhdGUiOjYwMDAwMDAwMDAwMH19",
          "dependencies": [
            "aws_security_group.lb_sg",
            "aws_subnet.public_subnet_1",
            "aws_subnet.public_subnet_2",
            "aws_vpc.ChatApp-VPC"
          ]
        }
      ]
    },
    {
      "mode": "managed",
      "type": "aws_lb_listener",
      "name": "frontend_lb_listener",
      "provider": "provider[\"registry.terraform.io/hashicorp/aws\"]",
      "instances": [
        {
          "schema_version": 0,
          "attributes": {
            "alpn_policy": null,
            "arn": "arn:aws:elasticloadbalancing:us-east-2:430118813684:listener/app/frontend-alb/8ae838a5bef863dc/16c9b909363c6f35",
            "certificate_arn": null,
            "default_action": [
              {
                "authenticate_cognito": [],
                "authenticate_oidc": [],
                "fixed_response": [],
                "forward": [],
                "order": 1,
                "redirect": [],
                "target_group_arn": "arn:aws:elasticloadbalancing:us-east-2:430118813684:targetgroup/frontend-tg/9de83531af2142fd",
                "type": "forward"
              }
            ],
            "id": "arn:aws:elasticloadbalancing:us-east-2:430118813684:listener/app/frontend-alb/8ae838a5bef863dc/16c9b909363c6f35",
            "load_balancer_arn": "arn:aws:elasticloadbalancing:us-east-2:430118813684:loadbalancer/app/frontend-alb/8ae838a5bef863dc",
            "mutual_authentication": [],
            "port": 80,
            "protocol": "HTTP",
            "routing_http_request_x_amzn_mtls_clientcert_header_name": null,
            "routing_http_request_x_amzn_mtls_clientcert_issuer_header_name": null,
            "routing_http_request_x_amzn_mtls_clientcert_leaf_header_name": null,
            "routing_http_request_x_amzn_mtls_clientcert_serial_number_header_name": null,
            "routing_http_request_x_amzn_mtls_clientcert_subject_header_name": null,
            "routing_http_request_x_amzn_mtls_clientcert_validity_header_name": null,
            "routing_http_request_x_amzn_tls_cipher_suite_header_name": null,
            "routing_http_request_x_amzn_tls_version_header_name": null,
            "routing_http_response_access_control_allow_credentials_header_value": "",
            "routing_http_response_access_control_allow_headers_header_value": "",
            "routing_http_response_access_control_allow_methods_header_value": "",
            "routing_http_response_access_control_allow_origin_header_value": "",
            "routing_http_response_access_control_expose_headers_header_value": "",
            "routing_http_response_access_control_max_age_header_value": "",
            "routing_http_response_content_security_policy_header_value": "",
            "routing_http_response_server_enabled": false,
            "routing_http_response_strict_transport_security_header_value": "",
            "routing_http_response_x_content_type_options_header_value": "",
            "routing_http_response_x_frame_options_header_value": "",
            "ssl_policy": "",
            "tags": {},
            "tags_all": {},
            "tcp_idle_timeout_seconds": null,
            "timeouts": null
          },
          "sensitive_attributes": [],
          "private": "eyJlMmJmYjczMC1lY2FhLTExZTYtOGY4OC0zNDM2M2JjN2M0YzAiOnsiY3JlYXRlIjozMDAwMDAwMDAwMDAsInVwZGF0ZSI6MzAwMDAwMDAwMDAwfX0=",
          "dependencies": [
            "aws_lb.frontend_lb",
            "aws_lb_target_group.frontend_tg",
            "aws_security_group.lb_sg",
            "aws_subnet.public_subnet_1",
            "aws_subnet.public_subnet_2",
            "aws_vpc.ChatApp-VPC"
          ]
        }
      ]
    },
    {
      "mode": "managed",
      "type": "aws_lb_target_group",
      "name": "frontend_tg",
      "provider": "provider[\"registry.terraform.io/hashicorp/aws\"]",
      "instances": [
        {
          "schema_version": 0,
          "attributes": {
            "arn": "arn:aws:elasticloadbalancing:us-east-2:430118813684:targetgroup/frontend-tg/9de83531af2142fd",
            "arn_suffix": "targetgroup/frontend-tg/9de83531af2142fd",
            "connection_termination": null,
            "deregistration_delay": "300",
            "health_check": [
              {
                "enabled": true,
                "healthy_threshold": 2,
                "interval": 300,
                "matcher": "200",
                "path": "/",
                "port": "traffic-port",
                "protocol": "HTTP",
                "timeout": 60,
                "unhealthy_threshold": 2
              }
            ],
            "id": "arn:aws:elasticloadbalancing:us-east-2:430118813684:targetgroup/frontend-tg/9de83531af2142fd",
            "ip_address_type": "ipv4",
            "lambda_multi_value_headers_enabled": false,
            "load_balancer_arns": [
              "arn:aws:elasticloadbalancing:us-east-2:430118813684:loadbalancer/app/frontend-alb/8ae838a5bef863dc"
            ],
            "load_balancing_algorithm_type": "round_robin",
            "load_balancing_anomaly_mitigation": "off",
            "load_balancing_cross_zone_enabled": "use_load_balancer_configuration",
            "name": "frontend-tg",
            "name_prefix": "",
            "port": 80,
            "preserve_client_ip": null,
            "protocol": "HTTP",
            "protocol_version": "HTTP1",
            "proxy_protocol_v2": false,
            "slow_start": 0,
            "stickiness": [
              {
                "cookie_duration": 86400,
                "cookie_name": "",
                "enabled": false,
                "type": "lb_cookie"
              }
            ],
            "tags": {
              "Name": "frontend-tg"
            },
            "tags_all": {
              "Name": "frontend-tg"
            },
            "target_failover": [
              {
                "on_deregistration": null,
                "on_unhealthy": null
              }
            ],
            "target_group_health": [
              {
                "dns_failover": [
                  {
                    "minimum_healthy_targets_count": "1",
                    "minimum_healthy_targets_percentage": "off"
                  }
                ],
                "unhealthy_state_routing": [
                  {
                    "minimum_healthy_targets_count": 1,
                    "minimum_healthy_targets_percentage": "off"
                  }
                ]
              }
            ],
            "target_health_state": [
              {
                "enable_unhealthy_connection_termination": null,
                "unhealthy_draining_interval": null
              }
            ],
            "target_type": "instance",
            "vpc_id": "vpc-0d389a12e83981868"
          },
          "sensitive_attributes": [],
          "private": "bnVsbA==",
          "dependencies": [
            "aws_vpc.ChatApp-VPC"
          ]
        }
      ]
    },
    {
      "mode": "managed",
      "type": "aws_nat_gateway",
      "name": "nat_gateway",
      "provider": "provider[\"registry.terraform.io/hashicorp/aws\"]",
      "instances": [
        {
          "schema_version": 0,
          "attributes": {
            "allocation_id": "eipalloc-082cd44318e0028af",
            "association_id": "eipassoc-035f28823e9378984",
            "connectivity_type": "public",
            "id": "nat-071ed322d0cb3902c",
            "network_interface_id": "eni-00a61976498c41d9b",
            "private_ip": "10.0.1.141",
            "public_ip": "18.188.105.150",
            "secondary_allocation_ids": [],
            "secondary_private_ip_address_count": 0,
            "secondary_private_ip_addresses": [],
            "subnet_id": "subnet-0022418f581cf13fc",
            "tags": {},
            "tags_all": {},
            "timeouts": null
          },
          "sensitive_attributes": [],
          "private": "eyJlMmJmYjczMC1lY2FhLTExZTYtOGY4OC0zNDM2M2JjN2M0YzAiOnsiY3JlYXRlIjo2MDAwMDAwMDAwMDAsImRlbGV0ZSI6MTgwMDAwMDAwMDAwMCwidXBkYXRlIjo2MDAwMDAwMDAwMDB9fQ==",
          "dependencies": [
            "aws_eip.nat_eip",
            "aws_subnet.public_subnet_1",
            "aws_vpc.ChatApp-VPC"
          ]
        }
      ]
    },
    {
      "mode": "managed",
      "type": "aws_route",
      "name": "private_nat_route",
      "provider": "provider[\"registry.terraform.io/hashicorp/aws\"]",
      "instances": [
        {
          "schema_version": 0,
          "attributes": {
            "carrier_gateway_id": "",
            "core_network_arn": "",
            "destination_cidr_block": "0.0.0.0/0",
            "destination_ipv6_cidr_block": "",
            "destination_prefix_list_id": "",
            "egress_only_gateway_id": "",
            "gateway_id": "",
            "id": "r-rtb-0dbbb2342b5f917921080289494",
            "instance_id": "",
            "instance_owner_id": "",
            "local_gateway_id": "",
            "nat_gateway_id": "nat-071ed322d0cb3902c",
            "network_interface_id": "",
            "origin": "CreateRoute",
            "route_table_id": "rtb-0dbbb2342b5f91792",
            "state": "active",
            "timeouts": null,
            "transit_gateway_id": "",
            "vpc_endpoint_id": "",
            "vpc_peering_connection_id": ""
          },
          "sensitive_attributes": [],
          "private": "eyJlMmJmYjczMC1lY2FhLTExZTYtOGY4OC0zNDM2M2JjN2M0YzAiOnsiY3JlYXRlIjozMDAwMDAwMDAwMDAsImRlbGV0ZSI6MzAwMDAwMDAwMDAwLCJ1cGRhdGUiOjEyMDAwMDAwMDAwMH19",
          "dependencies": [
            "aws_eip.nat_eip",
            "aws_nat_gateway.nat_gateway",
            "aws_route_table.private_rt",
            "aws_subnet.public_subnet_1",
            "aws_vpc.ChatApp-VPC"
          ]
        }
      ]
    },
    {
      "mode": "managed",
      "type": "aws_route",
      "name": "public_route",
      "provider": "provider[\"registry.terraform.io/hashicorp/aws\"]",
      "instances": [
        {
          "schema_version": 0,
          "attributes": {
            "carrier_gateway_id": "",
            "core_network_arn": "",
            "destination_cidr_block": "0.0.0.0/0",
            "destination_ipv6_cidr_block": "",
            "destination_prefix_list_id": "",
            "egress_only_gateway_id": "",
            "gateway_id": "igw-0530bfbb932029e3c",
            "id": "r-rtb-02f150a4b081711cd1080289494",
            "instance_id": "",
            "instance_owner_id": "",
            "local_gateway_id": "",
            "nat_gateway_id": "",
            "network_interface_id": "",
            "origin": "CreateRoute",
            "route_table_id": "rtb-02f150a4b081711cd",
            "state": "active",
            "timeouts": null,
            "transit_gateway_id": "",
            "vpc_endpoint_id": "",
            "vpc_peering_connection_id": ""
          },
          "sensitive_attributes": [],
          "private": "eyJlMmJmYjczMC1lY2FhLTExZTYtOGY4OC0zNDM2M2JjN2M0YzAiOnsiY3JlYXRlIjozMDAwMDAwMDAwMDAsImRlbGV0ZSI6MzAwMDAwMDAwMDAwLCJ1cGRhdGUiOjEyMDAwMDAwMDAwMH19",
          "dependencies": [
            "aws_internet_gateway.ChatApp-Igw",
            "aws_route_table.public_rt",
            "aws_vpc.ChatApp-VPC"
          ]
        }
      ]
    },
    {
      "mode": "managed",
      "type": "aws_route_table",
      "name": "private_rt",
      "provider": "provider[\"registry.terraform.io/hashicorp/aws\"]",
      "instances": [
        {
          "schema_version": 0,
          "attributes": {
            "arn": "arn:aws:ec2:us-east-2:430118813684:route-table/rtb-0dbbb2342b5f91792",
            "id": "rtb-0dbbb2342b5f91792",
            "owner_id": "430118813684",
            "propagating_vgws": [],
            "route": [],
            "tags": {
              "Name": "Private-RT"
            },
            "tags_all": {
              "Name": "Private-RT"
            },
            "timeouts": null,
            "vpc_id": "vpc-0d389a12e83981868"
          },
          "sensitive_attributes": [],
          "private": "eyJlMmJmYjczMC1lY2FhLTExZTYtOGY4OC0zNDM2M2JjN2M0YzAiOnsiY3JlYXRlIjozMDAwMDAwMDAwMDAsImRlbGV0ZSI6MzAwMDAwMDAwMDAwLCJ1cGRhdGUiOjEyMDAwMDAwMDAwMH19",
          "dependencies": [
            "aws_vpc.ChatApp-VPC"
          ]
        }
      ]
    },
    {
      "mode": "managed",
      "type": "aws_route_table",
      "name": "public_rt",
      "provider": "provider[\"registry.terraform.io/hashicorp/aws\"]",
      "instances": [
        {
          "schema_version": 0,
          "attributes": {
            "arn": "arn:aws:ec2:us-east-2:430118813684:route-table/rtb-02f150a4b081711cd",
            "id": "rtb-02f150a4b081711cd",
            "owner_id": "430118813684",
            "propagating_vgws": [],
            "route": [
              {
                "carrier_gateway_id": "",
                "cidr_block": "0.0.0.0/0",
                "core_network_arn": "",
                "destination_prefix_list_id": "",
                "egress_only_gateway_id": "",
                "gateway_id": "igw-0530bfbb932029e3c",
                "ipv6_cidr_block": "",
                "local_gateway_id": "",
                "nat_gateway_id": "",
                "network_interface_id": "",
                "transit_gateway_id": "",
                "vpc_endpoint_id": "",
                "vpc_peering_connection_id": ""
              }
            ],
            "tags": {
              "Name": "Public-RT"
            },
            "tags_all": {
              "Name": "Public-RT"
            },
            "timeouts": null,
            "vpc_id": "vpc-0d389a12e83981868"
          },
          "sensitive_attributes": [],
          "private": "eyJlMmJmYjczMC1lY2FhLTExZTYtOGY4OC0zNDM2M2JjN2M0YzAiOnsiY3JlYXRlIjozMDAwMDAwMDAwMDAsImRlbGV0ZSI6MzAwMDAwMDAwMDAwLCJ1cGRhdGUiOjEyMDAwMDAwMDAwMH19",
          "dependencies": [
            "aws_vpc.ChatApp-VPC"
          ]
        }
      ]
    },
    {
      "mode": "managed",
      "type": "aws_route_table_association",
      "name": "private_association_1",
      "provider": "provider[\"registry.terraform.io/hashicorp/aws\"]",
      "instances": [
        {
          "schema_version": 0,
          "attributes": {
            "gateway_id": "",
            "id": "rtbassoc-073196fc463d3dad4",
            "route_table_id": "rtb-0dbbb2342b5f91792",
            "subnet_id": "subnet-07f1ed92b6974a6ed",
            "timeouts": null
          },
          "sensitive_attributes": [],
          "private": "eyJlMmJmYjczMC1lY2FhLTExZTYtOGY4OC0zNDM2M2JjN2M0YzAiOnsiY3JlYXRlIjozMDAwMDAwMDAwMDAsImRlbGV0ZSI6MzAwMDAwMDAwMDAwLCJ1cGRhdGUiOjEyMDAwMDAwMDAwMH19",
          "dependencies": [
            "aws_route_table.private_rt",
            "aws_subnet.private_subnet_1",
            "aws_vpc.ChatApp-VPC"
          ]
        }
      ]
    },
    {
      "mode": "managed",
      "type": "aws_route_table_association",
      "name": "private_association_2",
      "provider": "provider[\"registry.terraform.io/hashicorp/aws\"]",
      "instances": [
        {
          "schema_version": 0,
          "attributes": {
            "gateway_id": "",
            "id": "rtbassoc-08100ebae9bca5b10",
            "route_table_id": "rtb-0dbbb2342b5f91792",
            "subnet_id": "subnet-06d9a511bcb42c591",
            "timeouts": null
          },
          "sensitive_attributes": [],
          "private": "eyJlMmJmYjczMC1lY2FhLTExZTYtOGY4OC0zNDM2M2JjN2M0YzAiOnsiY3JlYXRlIjozMDAwMDAwMDAwMDAsImRlbGV0ZSI6MzAwMDAwMDAwMDAwLCJ1cGRhdGUiOjEyMDAwMDAwMDAwMH19",
          "dependencies": [
            "aws_route_table.private_rt",
            "aws_subnet.private_subnet_2",
            "aws_vpc.ChatApp-VPC"
          ]
        }
      ]
    },
    {
      "mode": "managed",
      "type": "aws_route_table_association",
      "name": "public_association_1",
      "provider": "provider[\"registry.terraform.io/hashicorp/aws\"]",
      "instances": [
        {
          "schema_version": 0,
          "attributes": {
            "gateway_id": "",
            "id": "rtbassoc-051164902df2f3104",
            "route_table_id": "rtb-02f150a4b081711cd",
            "subnet_id": "subnet-0022418f581cf13fc",
            "timeouts": null
          },
          "sensitive_attributes": [],
          "private": "eyJlMmJmYjczMC1lY2FhLTExZTYtOGY4OC0zNDM2M2JjN2M0YzAiOnsiY3JlYXRlIjozMDAwMDAwMDAwMDAsImRlbGV0ZSI6MzAwMDAwMDAwMDAwLCJ1cGRhdGUiOjEyMDAwMDAwMDAwMH19",
          "dependencies": [
            "aws_route_table.public_rt",
            "aws_subnet.public_subnet_1",
            "aws_vpc.ChatApp-VPC"
          ]
        }
      ]
    },
    {
      "mode": "managed",
      "type": "aws_route_table_association",
      "name": "public_association_2",
      "provider": "provider[\"registry.terraform.io/hashicorp/aws\"]",
      "instances": [
        {
          "schema_version": 0,
          "attributes": {
            "gateway_id": "",
            "id": "rtbassoc-081b6964c66bc733d",
            "route_table_id": "rtb-02f150a4b081711cd",
            "subnet_id": "subnet-00f47469807552f28",
            "timeouts": null
          },
          "sensitive_attributes": [],
          "private": "eyJlMmJmYjczMC1lY2FhLTExZTYtOGY4OC0zNDM2M2JjN2M0YzAiOnsiY3JlYXRlIjozMDAwMDAwMDAwMDAsImRlbGV0ZSI6MzAwMDAwMDAwMDAwLCJ1cGRhdGUiOjEyMDAwMDAwMDAwMH19",
          "dependencies": [
            "aws_route_table.public_rt",
            "aws_subnet.public_subnet_2",
            "aws_vpc.ChatApp-VPC"
          ]
        }
      ]
    },
    {
      "mode": "managed",
      "type": "aws_security_group",
      "name": "backend_sg",
      "provider": "provider[\"registry.terraform.io/hashicorp/aws\"]",
      "instances": [
        {
          "schema_version": 1,
          "attributes": {
            "arn": "arn:aws:ec2:us-east-2:430118813684:security-group/sg-06d9fb1acfe8fadf9",
            "description": "Allow traffic to backend from frontend",
            "egress": [
              {
                "cidr_blocks": [
                  "0.0.0.0/0"
                ],
                "description": "",
                "from_port": 0,
                "ipv6_cidr_blocks": [],
                "prefix_list_ids": [],
                "protocol": "-1",
                "security_groups": [],
                "self": false,
                "to_port": 0
              }
            ],
            "id": "sg-06d9fb1acfe8fadf9",
            "ingress": [
              {
                "cidr_blocks": [
                  "0.0.0.0/0"
                ],
                "description": "",
                "from_port": 22,
                "ipv6_cidr_blocks": [],
                "prefix_list_ids": [],
                "protocol": "tcp",
                "security_groups": [],
                "self": false,
                "to_port": 22
              },
              {
                "cidr_blocks": [
                  "10.0.1.0/24"
                ],
                "description": "",
                "from_port": 8000,
                "ipv6_cidr_blocks": [],
                "prefix_list_ids": [],
                "protocol": "tcp",
                "security_groups": [],
                "self": false,
                "to_port": 8000
              },
              {
                "cidr_blocks": [
                  "10.0.2.0/24"
                ],
                "description": "",
                "from_port": 8000,
                "ipv6_cidr_blocks": [],
                "prefix_list_ids": [],
                "protocol": "tcp",
                "security_groups": [],
                "self": false,
                "to_port": 8000
              },
              {
                "cidr_blocks": [],
                "description": "",
                "from_port": 8000,
                "ipv6_cidr_blocks": [],
                "prefix_list_ids": [],
                "protocol": "tcp",
                "security_groups": [
                  "sg-0a8e3846944588fce"
                ],
                "self": false,
                "to_port": 8000
              }
            ],
            "name": "backend_sg",
            "name_prefix": "",
            "owner_id": "430118813684",
            "revoke_rules_on_delete": false,
            "tags": {},
            "tags_all": {},
            "timeouts": null,
            "vpc_id": "vpc-0d389a12e83981868"
          },
          "sensitive_attributes": [],
          "private": "eyJlMmJmYjczMC1lY2FhLTExZTYtOGY4OC0zNDM2M2JjN2M0YzAiOnsiY3JlYXRlIjo2MDAwMDAwMDAwMDAsImRlbGV0ZSI6OTAwMDAwMDAwMDAwfSwic2NoZW1hX3ZlcnNpb24iOiIxIn0=",
          "dependencies": [
            "aws_security_group.frontend_sg",
            "aws_vpc.ChatApp-VPC"
          ]
        }
      ]
    },
    {
      "mode": "managed",
      "type": "aws_security_group",
      "name": "db_sg",
      "provider": "provider[\"registry.terraform.io/hashicorp/aws\"]",
      "instances": [
        {
          "schema_version": 1,
          "attributes": {
            "arn": "arn:aws:ec2:us-east-2:430118813684:security-group/sg-0beae9add7de30f87",
            "description": "Allow traffic to DB from backend",
            "egress": [
              {
                "cidr_blocks": [
                  "0.0.0.0/0"
                ],
                "description": "",
                "from_port": 0,
                "ipv6_cidr_blocks": [],
                "prefix_list_ids": [],
                "protocol": "-1",
                "security_groups": [],
                "self": false,
                "to_port": 0
              }
            ],
            "id": "sg-0beae9add7de30f87",
            "ingress": [
              {
                "cidr_blocks": [
                  "0.0.0.0/0"
                ],
                "description": "",
                "from_port": 22,
                "ipv6_cidr_blocks": [],
                "prefix_list_ids": [],
                "protocol": "tcp",
                "security_groups": [],
                "self": false,
                "to_port": 22
              },
              {
                "cidr_blocks": [
                  "10.0.3.0/24"
                ],
                "description": "",
                "from_port": 3306,
                "ipv6_cidr_blocks": [],
                "prefix_list_ids": [],
                "protocol": "tcp",
                "security_groups": [],
                "self": false,
                "to_port": 3306
              },
              {
                "cidr_blocks": [
                  "10.0.4.0/24"
                ],
                "description": "",
                "from_port": 3306,
                "ipv6_cidr_blocks": [],
                "prefix_list_ids": [],
                "protocol": "tcp",
                "security_groups": [],
                "self": false,
                "to_port": 3306
              }
            ],
            "name": "db_sg",
            "name_prefix": "",
            "owner_id": "430118813684",
            "revoke_rules_on_delete": false,
            "tags": {},
            "tags_all": {},
            "timeouts": null,
            "vpc_id": "vpc-0d389a12e83981868"
          },
          "sensitive_attributes": [],
          "private": "eyJlMmJmYjczMC1lY2FhLTExZTYtOGY4OC0zNDM2M2JjN2M0YzAiOnsiY3JlYXRlIjo2MDAwMDAwMDAwMDAsImRlbGV0ZSI6OTAwMDAwMDAwMDAwfSwic2NoZW1hX3ZlcnNpb24iOiIxIn0=",
          "dependencies": [
            "aws_vpc.ChatApp-VPC"
          ]
        }
      ]
    },
    {
      "mode": "managed",
      "type": "aws_security_group",
      "name": "frontend_sg",
      "provider": "provider[\"registry.terraform.io/hashicorp/aws\"]",
      "instances": [
        {
          "schema_version": 1,
          "attributes": {
            "arn": "arn:aws:ec2:us-east-2:430118813684:security-group/sg-0a8e3846944588fce",
            "description": "Allow inbound traffic to frontend",
            "egress": [
              {
                "cidr_blocks": [
                  "0.0.0.0/0"
                ],
                "description": "",
                "from_port": 0,
                "ipv6_cidr_blocks": [],
                "prefix_list_ids": [],
                "protocol": "-1",
                "security_groups": [],
                "self": false,
                "to_port": 0
              }
            ],
            "id": "sg-0a8e3846944588fce",
            "ingress": [
              {
                "cidr_blocks": [
                  "0.0.0.0/0"
                ],
                "description": null,
                "from_port": 22,
                "ipv6_cidr_blocks": [],
                "prefix_list_ids": [],
                "protocol": "tcp",
                "security_groups": [],
                "self": false,
                "to_port": 22
              },
              {
                "cidr_blocks": [],
                "description": null,
                "from_port": 80,
                "ipv6_cidr_blocks": [],
                "prefix_list_ids": [],
                "protocol": "tcp",
                "security_groups": [
                  "sg-0a4c1545fab6c6401"
                ],
                "self": false,
                "to_port": 80
              }
            ],
            "name": "frontend_sg",
            "name_prefix": "",
            "owner_id": "430118813684",
            "revoke_rules_on_delete": false,
            "tags": {},
            "tags_all": {},
            "timeouts": null,
            "vpc_id": "vpc-0d389a12e83981868"
          },
          "sensitive_attributes": [],
          "private": "eyJlMmJmYjczMC1lY2FhLTExZTYtOGY4OC0zNDM2M2JjN2M0YzAiOnsiY3JlYXRlIjo2MDAwMDAwMDAwMDAsImRlbGV0ZSI6OTAwMDAwMDAwMDAwfSwic2NoZW1hX3ZlcnNpb24iOiIxIn0=",
          "dependencies": [
            "aws_security_group.lb_sg",
            "aws_vpc.ChatApp-VPC"
          ],
          "create_before_destroy": true
        }
      ]
    },
    {
      "mode": "managed",
      "type": "aws_security_group",
      "name": "lb_sg",
      "provider": "provider[\"registry.terraform.io/hashicorp/aws\"]",
      "instances": [
        {
          "schema_version": 1,
          "attributes": {
            "arn": "arn:aws:ec2:us-east-2:430118813684:security-group/sg-0a4c1545fab6c6401",
            "description": "Allow inbound HTTP traffic to load balancer",
            "egress": [
              {
                "cidr_blocks": [
                  "0.0.0.0/0"
                ],
                "description": "",
                "from_port": 0,
                "ipv6_cidr_blocks": [],
                "prefix_list_ids": [],
                "protocol": "-1",
                "security_groups": [],
                "self": false,
                "to_port": 0
              }
            ],
            "id": "sg-0a4c1545fab6c6401",
            "ingress": [
              {
                "cidr_blocks": [
                  "0.0.0.0/0"
                ],
                "description": "",
                "from_port": 80,
                "ipv6_cidr_blocks": [],
                "prefix_list_ids": [],
                "protocol": "tcp",
                "security_groups": [],
                "self": false,
                "to_port": 80
              }
            ],
            "name": "frontend-alb-sg",
            "name_prefix": "",
            "owner_id": "430118813684",
            "revoke_rules_on_delete": false,
            "tags": {},
            "tags_all": {},
            "timeouts": null,
            "vpc_id": "vpc-0d389a12e83981868"
          },
          "sensitive_attributes": [],
          "private": "eyJlMmJmYjczMC1lY2FhLTExZTYtOGY4OC0zNDM2M2JjN2M0YzAiOnsiY3JlYXRlIjo2MDAwMDAwMDAwMDAsImRlbGV0ZSI6OTAwMDAwMDAwMDAwfSwic2NoZW1hX3ZlcnNpb24iOiIxIn0=",
          "dependencies": [
            "aws_vpc.ChatApp-VPC"
          ]
        }
      ]
    },
    {
      "mode": "managed",
      "type": "aws_subnet",
      "name": "private_subnet_1",
      "provider": "provider[\"registry.terraform.io/hashicorp/aws\"]",
      "instances": [
        {
          "schema_version": 1,
          "attributes": {
            "arn": "arn:aws:ec2:us-east-2:430118813684:subnet/subnet-07f1ed92b6974a6ed",
            "assign_ipv6_address_on_creation": false,
            "availability_zone": "us-east-2a",
            "availability_zone_id": "use2-az1",
            "cidr_block": "10.0.3.0/24",
            "customer_owned_ipv4_pool": "",
            "enable_dns64": false,
            "enable_lni_at_device_index": 0,
            "enable_resource_name_dns_a_record_on_launch": false,
            "enable_resource_name_dns_aaaa_record_on_launch": false,
            "id": "subnet-07f1ed92b6974a6ed",
            "ipv6_cidr_block": "",
            "ipv6_cidr_block_association_id": "",
            "ipv6_native": false,
            "map_customer_owned_ip_on_launch": false,
            "map_public_ip_on_launch": false,
            "outpost_arn": "",
            "owner_id": "430118813684",
            "private_dns_hostname_type_on_launch": "ip-name",
            "tags": {
              "Name": "ChatApp-PvtSub-AZ1"
            },
            "tags_all": {
              "Name": "ChatApp-PvtSub-AZ1"
            },
            "timeouts": null,
            "vpc_id": "vpc-0d389a12e83981868"
          },
          "sensitive_attributes": [],
          "private": "eyJlMmJmYjczMC1lY2FhLTExZTYtOGY4OC0zNDM2M2JjN2M0YzAiOnsiY3JlYXRlIjo2MDAwMDAwMDAwMDAsImRlbGV0ZSI6MTIwMDAwMDAwMDAwMH0sInNjaGVtYV92ZXJzaW9uIjoiMSJ9",
          "dependencies": [
            "aws_vpc.ChatApp-VPC"
          ]
        }
      ]
    },
    {
      "mode": "managed",
      "type": "aws_subnet",
      "name": "private_subnet_2",
      "provider": "provider[\"registry.terraform.io/hashicorp/aws\"]",
      "instances": [
        {
          "schema_version": 1,
          "attributes": {
            "arn": "arn:aws:ec2:us-east-2:430118813684:subnet/subnet-06d9a511bcb42c591",
            "assign_ipv6_address_on_creation": false,
            "availability_zone": "us-east-2b",
            "availability_zone_id": "use2-az2",
            "cidr_block": "10.0.4.0/24",
            "customer_owned_ipv4_pool": "",
            "enable_dns64": false,
            "enable_lni_at_device_index": 0,
            "enable_resource_name_dns_a_record_on_launch": false,
            "enable_resource_name_dns_aaaa_record_on_launch": false,
            "id": "subnet-06d9a511bcb42c591",
            "ipv6_cidr_block": "",
            "ipv6_cidr_block_association_id": "",
            "ipv6_native": false,
            "map_customer_owned_ip_on_launch": false,
            "map_public_ip_on_launch": false,
            "outpost_arn": "",
            "owner_id": "430118813684",
            "private_dns_hostname_type_on_launch": "ip-name",
            "tags": {
              "Name": "ChatApp-PvtSub-AZ2"
            },
            "tags_all": {
              "Name": "ChatApp-PvtSub-AZ2"
            },
            "timeouts": null,
            "vpc_id": "vpc-0d389a12e83981868"
          },
          "sensitive_attributes": [],
          "private": "eyJlMmJmYjczMC1lY2FhLTExZTYtOGY4OC0zNDM2M2JjN2M0YzAiOnsiY3JlYXRlIjo2MDAwMDAwMDAwMDAsImRlbGV0ZSI6MTIwMDAwMDAwMDAwMH0sInNjaGVtYV92ZXJzaW9uIjoiMSJ9",
          "dependencies": [
            "aws_vpc.ChatApp-VPC"
          ]
        }
      ]
    },
    {
      "mode": "managed",
      "type": "aws_subnet",
      "name": "public_subnet_1",
      "provider": "provider[\"registry.terraform.io/hashicorp/aws\"]",
      "instances": [
        {
          "schema_version": 1,
          "attributes": {
            "arn": "arn:aws:ec2:us-east-2:430118813684:subnet/subnet-0022418f581cf13fc",
            "assign_ipv6_address_on_creation": false,
            "availability_zone": "us-east-2a",
            "availability_zone_id": "use2-az1",
            "cidr_block": "10.0.1.0/24",
            "customer_owned_ipv4_pool": "",
            "enable_dns64": false,
            "enable_lni_at_device_index": 0,
            "enable_resource_name_dns_a_record_on_launch": false,
            "enable_resource_name_dns_aaaa_record_on_launch": false,
            "id": "subnet-0022418f581cf13fc",
            "ipv6_cidr_block": "",
            "ipv6_cidr_block_association_id": "",
            "ipv6_native": false,
            "map_customer_owned_ip_on_launch": false,
            "map_public_ip_on_launch": true,
            "outpost_arn": "",
            "owner_id": "430118813684",
            "private_dns_hostname_type_on_launch": "ip-name",
            "tags": {
              "Name": "ChatApp-PubSub-AZ1"
            },
            "tags_all": {
              "Name": "ChatApp-PubSub-AZ1"
            },
            "timeouts": null,
            "vpc_id": "vpc-0d389a12e83981868"
          },
          "sensitive_attributes": [],
          "private": "eyJlMmJmYjczMC1lY2FhLTExZTYtOGY4OC0zNDM2M2JjN2M0YzAiOnsiY3JlYXRlIjo2MDAwMDAwMDAwMDAsImRlbGV0ZSI6MTIwMDAwMDAwMDAwMH0sInNjaGVtYV92ZXJzaW9uIjoiMSJ9",
          "dependencies": [
            "aws_vpc.ChatApp-VPC"
          ]
        }
      ]
    },
    {
      "mode": "managed",
      "type": "aws_subnet",
      "name": "public_subnet_2",
      "provider": "provider[\"registry.terraform.io/hashicorp/aws\"]",
      "instances": [
        {
          "schema_version": 1,
          "attributes": {
            "arn": "arn:aws:ec2:us-east-2:430118813684:subnet/subnet-00f47469807552f28",
            "assign_ipv6_address_on_creation": false,
            "availability_zone": "us-east-2b",
            "availability_zone_id": "use2-az2",
            "cidr_block": "10.0.2.0/24",
            "customer_owned_ipv4_pool": "",
            "enable_dns64": false,
            "enable_lni_at_device_index": 0,
            "enable_resource_name_dns_a_record_on_launch": false,
            "enable_resource_name_dns_aaaa_record_on_launch": false,
            "id": "subnet-00f47469807552f28",
            "ipv6_cidr_block": "",
            "ipv6_cidr_block_association_id": "",
            "ipv6_native": false,
            "map_customer_owned_ip_on_launch": false,
            "map_public_ip_on_launch": true,
            "outpost_arn": "",
            "owner_id": "430118813684",
            "private_dns_hostname_type_on_launch": "ip-name",
            "tags": {
              "Name": "ChatApp-PubSub-AZ2"
            },
            "tags_all": {
              "Name": "ChatApp-PubSub-AZ2"
            },
            "timeouts": null,
            "vpc_id": "vpc-0d389a12e83981868"
          },
          "sensitive_attributes": [],
          "private": "eyJlMmJmYjczMC1lY2FhLTExZTYtOGY4OC0zNDM2M2JjN2M0YzAiOnsiY3JlYXRlIjo2MDAwMDAwMDAwMDAsImRlbGV0ZSI6MTIwMDAwMDAwMDAwMH0sInNjaGVtYV92ZXJzaW9uIjoiMSJ9",
          "dependencies": [
            "aws_vpc.ChatApp-VPC"
          ]
        }
      ]
    },
    {
      "mode": "managed",
      "type": "aws_vpc",
      "name": "ChatApp-VPC",
      "provider": "provider[\"registry.terraform.io/hashicorp/aws\"]",
      "instances": [
        {
          "schema_version": 1,
          "attributes": {
            "arn": "arn:aws:ec2:us-east-2:430118813684:vpc/vpc-0d389a12e83981868",
            "assign_generated_ipv6_cidr_block": false,
            "cidr_block": "10.0.0.0/16",
            "default_network_acl_id": "acl-0768d10b4ed6a1ab6",
            "default_route_table_id": "rtb-0789ec0400cdd43b0",
            "default_security_group_id": "sg-08ee299eb983d2328",
            "dhcp_options_id": "dopt-0c0c1647e32c20d1a",
            "enable_dns_hostnames": false,
            "enable_dns_support": true,
            "enable_network_address_usage_metrics": false,
            "id": "vpc-0d389a12e83981868",
            "instance_tenancy": "default",
            "ipv4_ipam_pool_id": null,
            "ipv4_netmask_length": null,
            "ipv6_association_id": "",
            "ipv6_cidr_block": "",
            "ipv6_cidr_block_network_border_group": "",
            "ipv6_ipam_pool_id": "",
            "ipv6_netmask_length": 0,
            "main_route_table_id": "rtb-0789ec0400cdd43b0",
            "owner_id": "430118813684",
            "tags": {
              "Name": "ChatApp-VPC"
            },
            "tags_all": {
              "Name": "ChatApp-VPC"
            }
          },
          "sensitive_attributes": [],
          "private": "eyJzY2hlbWFfdmVyc2lvbiI6IjEifQ=="
        }
      ]
    },
    {
      "mode": "managed",
      "type": "local_file",
      "name": "chatapp_key_local",
      "provider": "provider[\"registry.terraform.io/hashicorp/local\"]",
      "instances": [
        {
          "schema_version": 0,
          "attributes": {
            "content": "-----BEGIN RSA PRIVATE KEY-----\nMIIJKAIBAAKCAgEAnyJK1iTIz4Q6Ua/n/Dp6yo7a5BUmF4GYT01BwtmIdHKxRuVc\nNX/ZvmfuFhEMt8fVjuCYrEVs8kmPGVhFBfBp+wGJWMkr77avYVx3P+wuyUIlEb2t\n/PHeeSum3GKlYL64mGBVW29+Aqpv/m9MzArl+imtJFdZ3kBzOwiUZLpjvB+MI2nm\nfAC6VillivU7JUKmrICasCaAVZSfnVA4E4AoVwT8utRhVEggrXQy9hr4uXCGKn/O\nU3qkAG2GqE1XuLAQjFXJIV87RcpDq7CkHM4EQ5O1Ik5J2vZkND+FuUWhemFIu/yP\nzCsJYewjKTTG9QZHZ6KtrYT+o2QIeViJZHTn2oKqx8aCkaVIE8U8cUzxmPp0ynhw\nZoi9GlZbc7sPocBazt3uYy+gCqkTVJw3hX0Q+8XYcQcMUDO18bXG17Y9nHsyMVgF\nrQxQlcBe8vc3VUBllI8+rPhUU8QEsKJM/HB6Q5QET/X/nkcHxgQsE+u4/Hby3la7\nKS5mPTIV0ZAERv/WayCJ3kpjPeAKJYO7pc/0ub088UaAt4UVWZfS/O0vgLR6ZY3J\nY5qd0Ye7Sz27Idm42Aq/tjeYfswI+3/XKw4RE3vg9gfWwyTrevtuYSzuQ0udkeX+\nk/K8kpuvhhT2DCWWWBzYqiU5jlbnpPv9rXyG7PRAZcm4w2CfUggYJ5q5oWMCAwEA\nAQKCAgAbbkzaJxMael+XLyxdFTOPcRqYUHD1glhf6yBX1ymncRHP979yVWySXtXy\npdO8Zk0QyPRoVbtW9IkfRFD5mhyasQQc8uiI9MO8k7TWpv7VoHpFWZ4BSSwhVP35\nZWO+joHBenGcRlbBXOHbSRJC5eoIumBnMEuEfTWfynXR+zMv/XwpqpqZa4KzUYV4\nc5dTb+7NM4n2rVxX5DuzYV2ZNvE9NtXd2rhAUAKaA7q5I6MWTChEcS1+xFg63qZk\nophpdKgVmMAH6aOM/zW1Bcj0Uir3/yEtHbOrc+eH/h8t9avFLbnc9cdP2WdPouXY\nt4lIOWHbonYvwAoo3hh72mAsmd5RTbgBMUOdqE6iey9zq6+kUapyn5XKYiSvFa02\ni/Ndzpx078SncZixoP3ZYcQVb3dpGljjeeOEK3lcP/4JsqSLoFaIfrqlwe8ngcif\nJpjs5Tc1c3SXdPRlR80ndLldM8fu5IPu82RiTnpRyHMK7qWd6xTc2Ho8/mrqkDdH\n/WvPyxm5yi6/lWHZpjsfwnUMDA6kXrqk0BXPPLYZ2N2CDI/aYwelGYqarB3GLuaX\n5d7az2+rOpWbHS3HTV22LXJ1ZKi/dG0RN/jbzMCvRzxknloKTJPtCNSeeeOyhE4m\nop0+AlOvkZ+8XlXTtLGjoHx0q0JdbPWG2/hhJr/S3yzNrTkMUQKCAQEAx4lg5PCl\n4BgSbBpRBspEKI6yvL/1wn6OTthg4fygz8yURfR+AoqNGU3W3iqAYEbfdPMGxiFT\ny3iWX2mguKwn+/Fo4lz5tUPL+n8NiieXmeBpX4FJG3KSvLzwZrXwgYFgHcV+f9Ga\nnRPJcVVDyUXmi38msYDW1CFwQ/gVRy9ZcQt/6F5xhwwZ4F9R0uqmTqR3cUP2hYYF\nbEA4OH7omxnbXVZaeE1GFjd9I60+u1X78tu0vP4anAo0vhzBZKFbFzfp3Cw20sI9\npyKhL+98FesdyA2JVrXRjuMuZqJuWj7LqXpO/xtZdXIlfydgIIKMXgPQC7Gq0qL0\nnlP9pZu9YFsaCwKCAQEAzCobDT3rOmfYstlpGl2gbqwNN7+IjBKDAIxh1w8zvvHm\n1XywZKsAewxvFuqSJC4w2i0M0+tTFdUrFZfBQHUlQS5oqoYKgNavyEYTWsuLBdon\nkX91utk6axd0aYcYU2EonN0McMdj1v0c8EYdWOQmj0XDQ0NOsHkIxkgm6SOrb3Dd\n8TTKAna6q0iGMzBX+IoaPx+gbwX/BNaFzmGh7UqJmysFGOQCtzfM0XGrsQlsjUZE\n8wxrEqnygxoUjblRLIdarkPhj3M0K5UjTwEVv6PAi7FajWN4NZ33I+1Sz8VDzZUR\n2zND539kb0yZvf9Oib4hBn5fkASgwSOdGn/uRbqFCQKCAQEAw/o6IKH7SU5bSbHP\nQ0wGBY+iHaCsUIrcWrRK86qch3v3ZX3tBbHvQ5sgHrS/wc/aSZMoZBD3rDCUAMJO\nCRONcfZ5fVq0J0SfYzjGo5qfW5L967+ffkXZuWYY98han9fh/1uqEwBbS0vT3mxQ\nV68/8GLCLjTMyyzMhvVycKggwNb6mc+o0WshPy5fvziYf0UpyyVlS1+Gk/u/PD3p\nV+zdd58I3H+JBukZD6Foq7aX7r+7lKQ+nmOnydGUYLHaNcPE/WqvrfD5fN6WUe51\ngVGbvpENAw0w9ZZMTKHcoOZsQdjPHeBOzPt/uJOD5mpSU0SLYfDuRlOmzprP1YhR\nSAIyYQKCAQB+0z0gubERBAdp+oI+vaB2f2xqkBF7qdg1E/+HP8tONyjEv4M31b4j\nsfKkUqzbytHQBiIs1sczDcuIy09iAiNVXUXpgACwTiy+BUHqqfw/c2gXCw2QN3cB\npX1MPH6Q9Q7seqhKuqG7oFpEq9l5KakGYTjN5NbR6y3XNmTteJn7TSqhtsAyTZzh\n39h1nfdXzjpFshjQPvJPCA/wx1d2d1IJ0OyGrMU/GWujQ7B69ja3f8o/DRzKaEXc\nyOuxqkfRmHdtP3+zw8XJuQhJAIyJEmj+nfp5UCwRaoJmj/tcU9ctswd3ml35RXqX\nZQcwLpOUH0aWqRQl+6n8sGncV1IlgJs5AoIBACcHyvTmSa92885S+ZPruBpc5iRq\nBs7A0qKZZcO87FkAFdja3P25PJCTHDMKQUpu7yKv2LtcvbHbjaLue9PgnMB8KfHN\nJa29vDiduz9Fh93G9+yQ6HiXASQsY8/KGQLbBrEEJG8JGfS+ubUTW/Nfpc+YFJCi\nk2Df7q/S0Tvjm2G95qlmKW7hDIY6ZQ1OQ73tJpatRwSJHHKG+zWDN8bELBIA8eE3\nim5ZVdHnLJPVuK1c8vCbLzmoTrZ86qO+BmkG+S8HUjrNHT7oN8kOqkHCFT4coKgc\nHZI+BLja1Af2oZa2dg3EU2fgbGlg8Ry9r4ffbkmJEw0EayekGkireusHVyk=\n-----END RSA PRIVATE KEY-----\n",
            "content_base64": null,
            "content_base64sha256": "eyFhcoKg9UijnZzE84dPSS99ep5GmgMpgJkX6g5Ykyc=",
            "content_base64sha512": "8ru5WfgONzpVjEKGu4F8q90PjLdMeFiNhzaPtCawsxFrULmzL95p1CDnr+RLAwgS4aS3JjJ+HeYDfDN6QlMU5A==",
            "content_md5": "e1d246b3a61d5525add8c2842ed37aad",
            "content_sha1": "ae133f589724e94e880ce0476546678468282c84",
            "content_sha256": "7b21617282a0f548a39d9cc4f3874f492f7d7a9e469a0329809917ea0e589327",
            "content_sha512": "f2bbb959f80e373a558c4286bb817cabdd0f8cb74c78588d87368fb426b0b3116b50b9b32fde69d420e7afe44b030812e1a4b726327e1de6037c337a425314e4",
            "directory_permission": "0777",
            "file_permission": "0777",
            "filename": "/home/ubuntu/terraform-config/chatapp_keypair_001.pem",
            "id": "ae133f589724e94e880ce0476546678468282c84",
            "sensitive_content": null,
            "source": null
          },
          "sensitive_attributes": [
            [
              {
                "type": "get_attr",
                "value": "content"
              }
            ],
            [
              {
                "type": "get_attr",
                "value": "sensitive_content"
              }
            ]
          ],
          "dependencies": [
            "tls_private_key.rsa"
          ]
        }
      ]
    },
    {
      "mode": "managed",
      "type": "tls_private_key",
      "name": "rsa",
      "provider": "provider[\"registry.terraform.io/hashicorp/tls\"]",
      "instances": [
        {
          "schema_version": 1,
          "attributes": {
            "algorithm": "RSA",
            "ecdsa_curve": "P224",
            "id": "11168330d18361a12459432bdc079f4658cc6783",
            "private_key_openssh": "-----BEGIN OPENSSH PRIVATE KEY-----\nb3BlbnNzaC1rZXktdjEAAAAABG5vbmUAAAAEbm9uZQAAAAAAAAABAAACFwAAAAdz\nc2gtcnNhAAAAAwEAAQAAAgEAnyJK1iTIz4Q6Ua/n/Dp6yo7a5BUmF4GYT01BwtmI\ndHKxRuVcNX/ZvmfuFhEMt8fVjuCYrEVs8kmPGVhFBfBp+wGJWMkr77avYVx3P+wu\nyUIlEb2t/PHeeSum3GKlYL64mGBVW29+Aqpv/m9MzArl+imtJFdZ3kBzOwiUZLpj\nvB+MI2nmfAC6VillivU7JUKmrICasCaAVZSfnVA4E4AoVwT8utRhVEggrXQy9hr4\nuXCGKn/OU3qkAG2GqE1XuLAQjFXJIV87RcpDq7CkHM4EQ5O1Ik5J2vZkND+FuUWh\nemFIu/yPzCsJYewjKTTG9QZHZ6KtrYT+o2QIeViJZHTn2oKqx8aCkaVIE8U8cUzx\nmPp0ynhwZoi9GlZbc7sPocBazt3uYy+gCqkTVJw3hX0Q+8XYcQcMUDO18bXG17Y9\nnHsyMVgFrQxQlcBe8vc3VUBllI8+rPhUU8QEsKJM/HB6Q5QET/X/nkcHxgQsE+u4\n/Hby3la7KS5mPTIV0ZAERv/WayCJ3kpjPeAKJYO7pc/0ub088UaAt4UVWZfS/O0v\ngLR6ZY3JY5qd0Ye7Sz27Idm42Aq/tjeYfswI+3/XKw4RE3vg9gfWwyTrevtuYSzu\nQ0udkeX+k/K8kpuvhhT2DCWWWBzYqiU5jlbnpPv9rXyG7PRAZcm4w2CfUggYJ5q5\noWMAAAc4li074JYtO+AAAAAHc3NoLXJzYQAAAgEAnyJK1iTIz4Q6Ua/n/Dp6yo7a\n5BUmF4GYT01BwtmIdHKxRuVcNX/ZvmfuFhEMt8fVjuCYrEVs8kmPGVhFBfBp+wGJ\nWMkr77avYVx3P+wuyUIlEb2t/PHeeSum3GKlYL64mGBVW29+Aqpv/m9MzArl+imt\nJFdZ3kBzOwiUZLpjvB+MI2nmfAC6VillivU7JUKmrICasCaAVZSfnVA4E4AoVwT8\nutRhVEggrXQy9hr4uXCGKn/OU3qkAG2GqE1XuLAQjFXJIV87RcpDq7CkHM4EQ5O1\nIk5J2vZkND+FuUWhemFIu/yPzCsJYewjKTTG9QZHZ6KtrYT+o2QIeViJZHTn2oKq\nx8aCkaVIE8U8cUzxmPp0ynhwZoi9GlZbc7sPocBazt3uYy+gCqkTVJw3hX0Q+8XY\ncQcMUDO18bXG17Y9nHsyMVgFrQxQlcBe8vc3VUBllI8+rPhUU8QEsKJM/HB6Q5QE\nT/X/nkcHxgQsE+u4/Hby3la7KS5mPTIV0ZAERv/WayCJ3kpjPeAKJYO7pc/0ub08\n8UaAt4UVWZfS/O0vgLR6ZY3JY5qd0Ye7Sz27Idm42Aq/tjeYfswI+3/XKw4RE3vg\n9gfWwyTrevtuYSzuQ0udkeX+k/K8kpuvhhT2DCWWWBzYqiU5jlbnpPv9rXyG7PRA\nZcm4w2CfUggYJ5q5oWMAAAADAQABAAACABtuTNonExp6X5cvLF0VM49xGphQcPWC\nWF/rIFfXKadxEc/3v3JVbJJe1fKl07xmTRDI9GhVu1b0iR9EUPmaHJqxBBzy6Ij0\nw7yTtNam/tWgekVZngFJLCFU/fllY76OgcF6cZxGVsFc4dtJEkLl6gi6YGcwS4R9\nNZ/KddH7My/9fCmqmplrgrNRhXhzl1Nv7s0zifatXFfkO7NhXZk28T021d3auEBQ\nApoDurkjoxZMKERxLX7EWDrepmSimGl0qBWYwAfpo4z/NbUFyPRSKvf/IS0ds6tz\n54f+Hy31q8Utudz1x0/ZZ0+i5di3iUg5Yduidi/ACijeGHvaYCyZ3lFNuAExQ52o\nTqJ7L3Orr6RRqnKflcpiJK8VrTaL813OnHTvxKdxmLGg/dlhxBVvd2kaWON544Qr\neVw//gmypIugVoh+uqXB7yeByJ8mmOzlNzVzdJd09GVHzSd0uV0zx+7kg+7zZGJO\nelHIcwrupZ3rFNzYejz+auqQN0f9a8/LGbnKLr+VYdmmOx/CdQwMDqReuqTQFc88\nthnY3YIMj9pjB6UZipqsHcYu5pfl3trPb6s6lZsdLcdNXbYtcnVkqL90bRE3+NvM\nwK9HPGSeWgpMk+0I1J5547KETiainT4CU6+Rn7xeVdO0saOgfHSrQl1s9Ybb+GEm\nv9LfLM2tOQxRAAABACcHyvTmSa92885S+ZPruBpc5iRqBs7A0qKZZcO87FkAFdja\n3P25PJCTHDMKQUpu7yKv2LtcvbHbjaLue9PgnMB8KfHNJa29vDiduz9Fh93G9+yQ\n6HiXASQsY8/KGQLbBrEEJG8JGfS+ubUTW/Nfpc+YFJCik2Df7q/S0Tvjm2G95qlm\nKW7hDIY6ZQ1OQ73tJpatRwSJHHKG+zWDN8bELBIA8eE3im5ZVdHnLJPVuK1c8vCb\nLzmoTrZ86qO+BmkG+S8HUjrNHT7oN8kOqkHCFT4coKgcHZI+BLja1Af2oZa2dg3E\nU2fgbGlg8Ry9r4ffbkmJEw0EayekGkireusHVykAAAEBAMeJYOTwpeAYEmwaUQbK\nRCiOsry/9cJ+jk7YYOH8oM/MlEX0fgKKjRlN1t4qgGBG33TzBsYhU8t4ll9poLis\nJ/vxaOJc+bVDy/p/DYonl5ngaV+BSRtykry88Ga18IGBYB3Ffn/Rmp0TyXFVQ8lF\n5ot/JrGA1tQhcEP4FUcvWXELf+hecYcMGeBfUdLqpk6kd3FD9oWGBWxAODh+6JsZ\n211WWnhNRhY3fSOtPrtV+/LbtLz+GpwKNL4cwWShWxc36dwsNtLCPacioS/vfBXr\nHcgNiVa10Y7jLmaiblo+y6l6Tv8bWXVyJX8nYCCCjF4D0AuxqtKi9J5T/aWbvWBb\nGgsAAAEBAMwqGw096zpn2LLZaRpdoG6sDTe/iIwSgwCMYdcPM77x5tV8sGSrAHsM\nbxbqkiQuMNotDNPrUxXVKxWXwUB1JUEuaKqGCoDWr8hGE1rLiwXaJ5F/dbrZOmsX\ndGmHGFNhKJzdDHDHY9b9HPBGHVjkJo9Fw0NDTrB5CMZIJukjq29w3fE0ygJ2uqtI\nhjMwV/iKGj8foG8F/wTWhc5hoe1KiZsrBRjkArc3zNFxq7EJbI1GRPMMaxKp8oMa\nFI25USyHWq5D4Y9zNCuVI08BFb+jwIuxWo1jeDWd9yPtUs/FQ82VEdszQ+d/ZG9M\nmb3/Tom+IQZ+X5AEoMEjnRp/7kW6hQkAAAAAAQID\n-----END OPENSSH PRIVATE KEY-----\n",
            "private_key_pem": "-----BEGIN RSA PRIVATE KEY-----\nMIIJKAIBAAKCAgEAnyJK1iTIz4Q6Ua/n/Dp6yo7a5BUmF4GYT01BwtmIdHKxRuVc\nNX/ZvmfuFhEMt8fVjuCYrEVs8kmPGVhFBfBp+wGJWMkr77avYVx3P+wuyUIlEb2t\n/PHeeSum3GKlYL64mGBVW29+Aqpv/m9MzArl+imtJFdZ3kBzOwiUZLpjvB+MI2nm\nfAC6VillivU7JUKmrICasCaAVZSfnVA4E4AoVwT8utRhVEggrXQy9hr4uXCGKn/O\nU3qkAG2GqE1XuLAQjFXJIV87RcpDq7CkHM4EQ5O1Ik5J2vZkND+FuUWhemFIu/yP\nzCsJYewjKTTG9QZHZ6KtrYT+o2QIeViJZHTn2oKqx8aCkaVIE8U8cUzxmPp0ynhw\nZoi9GlZbc7sPocBazt3uYy+gCqkTVJw3hX0Q+8XYcQcMUDO18bXG17Y9nHsyMVgF\nrQxQlcBe8vc3VUBllI8+rPhUU8QEsKJM/HB6Q5QET/X/nkcHxgQsE+u4/Hby3la7\nKS5mPTIV0ZAERv/WayCJ3kpjPeAKJYO7pc/0ub088UaAt4UVWZfS/O0vgLR6ZY3J\nY5qd0Ye7Sz27Idm42Aq/tjeYfswI+3/XKw4RE3vg9gfWwyTrevtuYSzuQ0udkeX+\nk/K8kpuvhhT2DCWWWBzYqiU5jlbnpPv9rXyG7PRAZcm4w2CfUggYJ5q5oWMCAwEA\nAQKCAgAbbkzaJxMael+XLyxdFTOPcRqYUHD1glhf6yBX1ymncRHP979yVWySXtXy\npdO8Zk0QyPRoVbtW9IkfRFD5mhyasQQc8uiI9MO8k7TWpv7VoHpFWZ4BSSwhVP35\nZWO+joHBenGcRlbBXOHbSRJC5eoIumBnMEuEfTWfynXR+zMv/XwpqpqZa4KzUYV4\nc5dTb+7NM4n2rVxX5DuzYV2ZNvE9NtXd2rhAUAKaA7q5I6MWTChEcS1+xFg63qZk\nophpdKgVmMAH6aOM/zW1Bcj0Uir3/yEtHbOrc+eH/h8t9avFLbnc9cdP2WdPouXY\nt4lIOWHbonYvwAoo3hh72mAsmd5RTbgBMUOdqE6iey9zq6+kUapyn5XKYiSvFa02\ni/Ndzpx078SncZixoP3ZYcQVb3dpGljjeeOEK3lcP/4JsqSLoFaIfrqlwe8ngcif\nJpjs5Tc1c3SXdPRlR80ndLldM8fu5IPu82RiTnpRyHMK7qWd6xTc2Ho8/mrqkDdH\n/WvPyxm5yi6/lWHZpjsfwnUMDA6kXrqk0BXPPLYZ2N2CDI/aYwelGYqarB3GLuaX\n5d7az2+rOpWbHS3HTV22LXJ1ZKi/dG0RN/jbzMCvRzxknloKTJPtCNSeeeOyhE4m\nop0+AlOvkZ+8XlXTtLGjoHx0q0JdbPWG2/hhJr/S3yzNrTkMUQKCAQEAx4lg5PCl\n4BgSbBpRBspEKI6yvL/1wn6OTthg4fygz8yURfR+AoqNGU3W3iqAYEbfdPMGxiFT\ny3iWX2mguKwn+/Fo4lz5tUPL+n8NiieXmeBpX4FJG3KSvLzwZrXwgYFgHcV+f9Ga\nnRPJcVVDyUXmi38msYDW1CFwQ/gVRy9ZcQt/6F5xhwwZ4F9R0uqmTqR3cUP2hYYF\nbEA4OH7omxnbXVZaeE1GFjd9I60+u1X78tu0vP4anAo0vhzBZKFbFzfp3Cw20sI9\npyKhL+98FesdyA2JVrXRjuMuZqJuWj7LqXpO/xtZdXIlfydgIIKMXgPQC7Gq0qL0\nnlP9pZu9YFsaCwKCAQEAzCobDT3rOmfYstlpGl2gbqwNN7+IjBKDAIxh1w8zvvHm\n1XywZKsAewxvFuqSJC4w2i0M0+tTFdUrFZfBQHUlQS5oqoYKgNavyEYTWsuLBdon\nkX91utk6axd0aYcYU2EonN0McMdj1v0c8EYdWOQmj0XDQ0NOsHkIxkgm6SOrb3Dd\n8TTKAna6q0iGMzBX+IoaPx+gbwX/BNaFzmGh7UqJmysFGOQCtzfM0XGrsQlsjUZE\n8wxrEqnygxoUjblRLIdarkPhj3M0K5UjTwEVv6PAi7FajWN4NZ33I+1Sz8VDzZUR\n2zND539kb0yZvf9Oib4hBn5fkASgwSOdGn/uRbqFCQKCAQEAw/o6IKH7SU5bSbHP\nQ0wGBY+iHaCsUIrcWrRK86qch3v3ZX3tBbHvQ5sgHrS/wc/aSZMoZBD3rDCUAMJO\nCRONcfZ5fVq0J0SfYzjGo5qfW5L967+ffkXZuWYY98han9fh/1uqEwBbS0vT3mxQ\nV68/8GLCLjTMyyzMhvVycKggwNb6mc+o0WshPy5fvziYf0UpyyVlS1+Gk/u/PD3p\nV+zdd58I3H+JBukZD6Foq7aX7r+7lKQ+nmOnydGUYLHaNcPE/WqvrfD5fN6WUe51\ngVGbvpENAw0w9ZZMTKHcoOZsQdjPHeBOzPt/uJOD5mpSU0SLYfDuRlOmzprP1YhR\nSAIyYQKCAQB+0z0gubERBAdp+oI+vaB2f2xqkBF7qdg1E/+HP8tONyjEv4M31b4j\nsfKkUqzbytHQBiIs1sczDcuIy09iAiNVXUXpgACwTiy+BUHqqfw/c2gXCw2QN3cB\npX1MPH6Q9Q7seqhKuqG7oFpEq9l5KakGYTjN5NbR6y3XNmTteJn7TSqhtsAyTZzh\n39h1nfdXzjpFshjQPvJPCA/wx1d2d1IJ0OyGrMU/GWujQ7B69ja3f8o/DRzKaEXc\nyOuxqkfRmHdtP3+zw8XJuQhJAIyJEmj+nfp5UCwRaoJmj/tcU9ctswd3ml35RXqX\nZQcwLpOUH0aWqRQl+6n8sGncV1IlgJs5AoIBACcHyvTmSa92885S+ZPruBpc5iRq\nBs7A0qKZZcO87FkAFdja3P25PJCTHDMKQUpu7yKv2LtcvbHbjaLue9PgnMB8KfHN\nJa29vDiduz9Fh93G9+yQ6HiXASQsY8/KGQLbBrEEJG8JGfS+ubUTW/Nfpc+YFJCi\nk2Df7q/S0Tvjm2G95qlmKW7hDIY6ZQ1OQ73tJpatRwSJHHKG+zWDN8bELBIA8eE3\nim5ZVdHnLJPVuK1c8vCbLzmoTrZ86qO+BmkG+S8HUjrNHT7oN8kOqkHCFT4coKgc\nHZI+BLja1Af2oZa2dg3EU2fgbGlg8Ry9r4ffbkmJEw0EayekGkireusHVyk=\n-----END RSA PRIVATE KEY-----\n",
            "private_key_pem_pkcs8": "-----BEGIN PRIVATE KEY-----\nMIIJQgIBADANBgkqhkiG9w0BAQEFAASCCSwwggkoAgEAAoICAQCfIkrWJMjPhDpR\nr+f8OnrKjtrkFSYXgZhPTUHC2Yh0crFG5Vw1f9m+Z+4WEQy3x9WO4JisRWzySY8Z\nWEUF8Gn7AYlYySvvtq9hXHc/7C7JQiURva388d55K6bcYqVgvriYYFVbb34Cqm/+\nb0zMCuX6Ka0kV1neQHM7CJRkumO8H4wjaeZ8ALpWKWWK9TslQqasgJqwJoBVlJ+d\nUDgTgChXBPy61GFUSCCtdDL2Gvi5cIYqf85TeqQAbYaoTVe4sBCMVckhXztFykOr\nsKQczgRDk7UiTkna9mQ0P4W5RaF6YUi7/I/MKwlh7CMpNMb1Bkdnoq2thP6jZAh5\nWIlkdOfagqrHxoKRpUgTxTxxTPGY+nTKeHBmiL0aVltzuw+hwFrO3e5jL6AKqRNU\nnDeFfRD7xdhxBwxQM7XxtcbXtj2cezIxWAWtDFCVwF7y9zdVQGWUjz6s+FRTxASw\nokz8cHpDlARP9f+eRwfGBCwT67j8dvLeVrspLmY9MhXRkARG/9ZrIIneSmM94Aol\ng7ulz/S5vTzxRoC3hRVZl9L87S+AtHpljcljmp3Rh7tLPbsh2bjYCr+2N5h+zAj7\nf9crDhETe+D2B9bDJOt6+25hLO5DS52R5f6T8rySm6+GFPYMJZZYHNiqJTmOVuek\n+/2tfIbs9EBlybjDYJ9SCBgnmrmhYwIDAQABAoICABtuTNonExp6X5cvLF0VM49x\nGphQcPWCWF/rIFfXKadxEc/3v3JVbJJe1fKl07xmTRDI9GhVu1b0iR9EUPmaHJqx\nBBzy6Ij0w7yTtNam/tWgekVZngFJLCFU/fllY76OgcF6cZxGVsFc4dtJEkLl6gi6\nYGcwS4R9NZ/KddH7My/9fCmqmplrgrNRhXhzl1Nv7s0zifatXFfkO7NhXZk28T02\n1d3auEBQApoDurkjoxZMKERxLX7EWDrepmSimGl0qBWYwAfpo4z/NbUFyPRSKvf/\nIS0ds6tz54f+Hy31q8Utudz1x0/ZZ0+i5di3iUg5Yduidi/ACijeGHvaYCyZ3lFN\nuAExQ52oTqJ7L3Orr6RRqnKflcpiJK8VrTaL813OnHTvxKdxmLGg/dlhxBVvd2ka\nWON544QreVw//gmypIugVoh+uqXB7yeByJ8mmOzlNzVzdJd09GVHzSd0uV0zx+7k\ng+7zZGJOelHIcwrupZ3rFNzYejz+auqQN0f9a8/LGbnKLr+VYdmmOx/CdQwMDqRe\nuqTQFc88thnY3YIMj9pjB6UZipqsHcYu5pfl3trPb6s6lZsdLcdNXbYtcnVkqL90\nbRE3+NvMwK9HPGSeWgpMk+0I1J5547KETiainT4CU6+Rn7xeVdO0saOgfHSrQl1s\n9Ybb+GEmv9LfLM2tOQxRAoIBAQDHiWDk8KXgGBJsGlEGykQojrK8v/XCfo5O2GDh\n/KDPzJRF9H4Cio0ZTdbeKoBgRt908wbGIVPLeJZfaaC4rCf78WjiXPm1Q8v6fw2K\nJ5eZ4GlfgUkbcpK8vPBmtfCBgWAdxX5/0ZqdE8lxVUPJReaLfyaxgNbUIXBD+BVH\nL1lxC3/oXnGHDBngX1HS6qZOpHdxQ/aFhgVsQDg4fuibGdtdVlp4TUYWN30jrT67\nVfvy27S8/hqcCjS+HMFkoVsXN+ncLDbSwj2nIqEv73wV6x3IDYlWtdGO4y5mom5a\nPsupek7/G1l1ciV/J2AggoxeA9ALsarSovSeU/2lm71gWxoLAoIBAQDMKhsNPes6\nZ9iy2WkaXaBurA03v4iMEoMAjGHXDzO+8ebVfLBkqwB7DG8W6pIkLjDaLQzT61MV\n1SsVl8FAdSVBLmiqhgqA1q/IRhNay4sF2ieRf3W62TprF3RphxhTYSic3Qxwx2PW\n/RzwRh1Y5CaPRcNDQ06weQjGSCbpI6tvcN3xNMoCdrqrSIYzMFf4iho/H6BvBf8E\n1oXOYaHtSombKwUY5AK3N8zRcauxCWyNRkTzDGsSqfKDGhSNuVEsh1quQ+GPczQr\nlSNPARW/o8CLsVqNY3g1nfcj7VLPxUPNlRHbM0Pnf2RvTJm9/06JviEGfl+QBKDB\nI50af+5FuoUJAoIBAQDD+jogoftJTltJsc9DTAYFj6IdoKxQitxatErzqpyHe/dl\nfe0Fse9DmyAetL/Bz9pJkyhkEPesMJQAwk4JE41x9nl9WrQnRJ9jOMajmp9bkv3r\nv59+Rdm5Zhj3yFqf1+H/W6oTAFtLS9PebFBXrz/wYsIuNMzLLMyG9XJwqCDA1vqZ\nz6jRayE/Ll+/OJh/RSnLJWVLX4aT+788PelX7N13nwjcf4kG6RkPoWirtpfuv7uU\npD6eY6fJ0ZRgsdo1w8T9aq+t8Pl83pZR7nWBUZu+kQ0DDTD1lkxModyg5mxB2M8d\n4E7M+3+4k4PmalJTRIth8O5GU6bOms/ViFFIAjJhAoIBAH7TPSC5sREEB2n6gj69\noHZ/bGqQEXup2DUT/4c/y043KMS/gzfVviOx8qRSrNvK0dAGIizWxzMNy4jLT2IC\nI1VdRemAALBOLL4FQeqp/D9zaBcLDZA3dwGlfUw8fpD1Dux6qEq6obugWkSr2Xkp\nqQZhOM3k1tHrLdc2ZO14mftNKqG2wDJNnOHf2HWd91fOOkWyGNA+8k8ID/DHV3Z3\nUgnQ7IasxT8Za6NDsHr2Nrd/yj8NHMpoRdzI67GqR9GYd20/f7PDxcm5CEkAjIkS\naP6d+nlQLBFqgmaP+1xT1y2zB3eaXflFepdlBzAuk5QfRpapFCX7qfywadxXUiWA\nmzkCggEAJwfK9OZJr3bzzlL5k+u4GlzmJGoGzsDSopllw7zsWQAV2Nrc/bk8kJMc\nMwpBSm7vIq/Yu1y9sduNou570+CcwHwp8c0lrb28OJ27P0WH3cb37JDoeJcBJCxj\nz8oZAtsGsQQkbwkZ9L65tRNb81+lz5gUkKKTYN/ur9LRO+ObYb3mqWYpbuEMhjpl\nDU5Dve0mlq1HBIkccob7NYM3xsQsEgDx4TeKbllV0ecsk9W4rVzy8JsvOahOtnzq\no74GaQb5LwdSOs0dPug3yQ6qQcIVPhygqBwdkj4EuNrUB/ahlrZ2DcRTZ+BsaWDx\nHL2vh99uSYkTDQRrJ6QaSKt66wdXKQ==\n-----END PRIVATE KEY-----\n",
            "public_key_fingerprint_md5": "c3:ce:23:82:56:63:34:cc:e5:1d:1b:88:6a:46:99:38",
            "public_key_fingerprint_sha256": "SHA256:ig6/kEann96lg7CZBVtKSz2rQ9bX2AY6UZ1bVytyjx8",
            "public_key_openssh": "ssh-rsa AAAAB3NzaC1yc2EAAAADAQABAAACAQCfIkrWJMjPhDpRr+f8OnrKjtrkFSYXgZhPTUHC2Yh0crFG5Vw1f9m+Z+4WEQy3x9WO4JisRWzySY8ZWEUF8Gn7AYlYySvvtq9hXHc/7C7JQiURva388d55K6bcYqVgvriYYFVbb34Cqm/+b0zMCuX6Ka0kV1neQHM7CJRkumO8H4wjaeZ8ALpWKWWK9TslQqasgJqwJoBVlJ+dUDgTgChXBPy61GFUSCCtdDL2Gvi5cIYqf85TeqQAbYaoTVe4sBCMVckhXztFykOrsKQczgRDk7UiTkna9mQ0P4W5RaF6YUi7/I/MKwlh7CMpNMb1Bkdnoq2thP6jZAh5WIlkdOfagqrHxoKRpUgTxTxxTPGY+nTKeHBmiL0aVltzuw+hwFrO3e5jL6AKqRNUnDeFfRD7xdhxBwxQM7XxtcbXtj2cezIxWAWtDFCVwF7y9zdVQGWUjz6s+FRTxASwokz8cHpDlARP9f+eRwfGBCwT67j8dvLeVrspLmY9MhXRkARG/9ZrIIneSmM94Aolg7ulz/S5vTzxRoC3hRVZl9L87S+AtHpljcljmp3Rh7tLPbsh2bjYCr+2N5h+zAj7f9crDhETe+D2B9bDJOt6+25hLO5DS52R5f6T8rySm6+GFPYMJZZYHNiqJTmOVuek+/2tfIbs9EBlybjDYJ9SCBgnmrmhYw==\n",
            "public_key_pem": "-----BEGIN PUBLIC KEY-----\nMIICIjANBgkqhkiG9w0BAQEFAAOCAg8AMIICCgKCAgEAnyJK1iTIz4Q6Ua/n/Dp6\nyo7a5BUmF4GYT01BwtmIdHKxRuVcNX/ZvmfuFhEMt8fVjuCYrEVs8kmPGVhFBfBp\n+wGJWMkr77avYVx3P+wuyUIlEb2t/PHeeSum3GKlYL64mGBVW29+Aqpv/m9MzArl\n+imtJFdZ3kBzOwiUZLpjvB+MI2nmfAC6VillivU7JUKmrICasCaAVZSfnVA4E4Ao\nVwT8utRhVEggrXQy9hr4uXCGKn/OU3qkAG2GqE1XuLAQjFXJIV87RcpDq7CkHM4E\nQ5O1Ik5J2vZkND+FuUWhemFIu/yPzCsJYewjKTTG9QZHZ6KtrYT+o2QIeViJZHTn\n2oKqx8aCkaVIE8U8cUzxmPp0ynhwZoi9GlZbc7sPocBazt3uYy+gCqkTVJw3hX0Q\n+8XYcQcMUDO18bXG17Y9nHsyMVgFrQxQlcBe8vc3VUBllI8+rPhUU8QEsKJM/HB6\nQ5QET/X/nkcHxgQsE+u4/Hby3la7KS5mPTIV0ZAERv/WayCJ3kpjPeAKJYO7pc/0\nub088UaAt4UVWZfS/O0vgLR6ZY3JY5qd0Ye7Sz27Idm42Aq/tjeYfswI+3/XKw4R\nE3vg9gfWwyTrevtuYSzuQ0udkeX+k/K8kpuvhhT2DCWWWBzYqiU5jlbnpPv9rXyG\n7PRAZcm4w2CfUggYJ5q5oWMCAwEAAQ==\n-----END PUBLIC KEY-----\n",
            "rsa_bits": 4096
          },
          "sensitive_attributes": [
            [
              {
                "type": "get_attr",
                "value": "private_key_pem"
              }
            ],
            [
              {
                "type": "get_attr",
                "value": "private_key_pem_pkcs8"
              }
            ],
            [
              {
                "type": "get_attr",
                "value": "private_key_openssh"
              }
            ]
          ]
        }
      ]
    }
  ],
  "check_results": null
}
